
Microsoft Visual Studio Solution File, Format Version 12.00
# Visual Studio Version 17
VisualStudioVersion = 17.0.31903.59
MinimumVisualStudioVersion = 10.0.40219.1
Project("{FAE04EC0-301F-11D3-BF4B-00C04F79EFBC}") = "2022_JWTAuth", "2022_JWTAuth\2022_JWTAuth.csproj", "{F5F25F00-7782-428F-B7BE-04EA84479B6B}"
EndProject
Global
	GlobalSection(SolutionConfigurationPlatforms) = preSolution
		Debug|Any CPU = Debug|Any CPU
		Release|Any CPU = Release|Any CPU
	EndGlobalSection
	GlobalSection(ProjectConfigurationPlatforms) = postSolution
		{F5F25F00-7782-428F-B7BE-04EA84479B6B}.Debug|Any CPU.ActiveCfg = Debug|Any CPU
		{F5F25F00-7782-428F-B7BE-04EA84479B6B}.Debug|Any CPU.Build.0 = Debug|Any CPU
		{F5F25F00-7782-428F-B7BE-04EA84479B6B}.Release|Any CPU.ActiveCfg = Release|Any CPU
		{F5F25F00-7782-428F-B7BE-04EA84479B6B}.Release|Any CPU.Build.0 = Release|Any CPU
	EndGlobalSection
	GlobalSection(SolutionProperties) = preSolution
		HideSolutionNode = FALSE
	EndGlobalSection
	GlobalSection(ExtensibilityGlobals) = postSolution
		SolutionGuid = {F0CC369C-E4CC-4BE6-A93E-1E742D769E5C}
	EndGlobalSection
EndGlobal
